
Microsoft Visual Studio Solution File, Format Version 12.00
# Visual Studio 15
VisualStudioVersion = 15.0.27130.2027
MinimumVisualStudioVersion = 10.0.40219.1
Project("{FAE04EC0-301F-11D3-BF4B-00C04F79EFBC}") = "LLB Mod Manager", "LLB Mod Manager\LLB Mod Manager.csproj", "{13472C1C-49C8-44DA-AB27-44B46F725D2E}"
EndProject
Global
	GlobalSection(SolutionConfigurationPlatforms) = preSolution
		Debug|Any CPU = Debug|Any CPU
		Release|Any CPU = Release|Any CPU
	EndGlobalSection
	GlobalSection(ProjectConfigurationPlatforms) = postSolution
		{13472C1C-49C8-44DA-AB27-44B46F725D2E}.Debug|Any CPU.ActiveCfg = Debug|Any CPU
		{13472C1C-49C8-44DA-AB27-44B46F725D2E}.Debug|Any CPU.Build.0 = Debug|Any CPU
		{13472C1C-49C8-44DA-AB27-44B46F725D2E}.Release|Any CPU.ActiveCfg = Release|Any CPU
		{13472C1C-49C8-44DA-AB27-44B46F725D2E}.Release|Any CPU.Build.0 = Release|Any CPU
	EndGlobalSection
	GlobalSection(SolutionProperties) = preSolution
		HideSolutionNode = FALSE
	EndGlobalSection
	GlobalSection(ExtensibilityGlobals) = postSolution
		SolutionGuid = {59F36725-B35E-45BF-8AC0-D56EC62B3908}
	EndGlobalSection
EndGlobal
